// !$*UTF8*$!
{
	archiveVersion = 1;
	classes = {
	};
	objectVersion = 50;
	objects = {

/* Begin PBXBuildFile section */
		FC090B9F231964C8008E28F6 /* ViewController.swift in Sources */ = {isa = PBXBuildFile; fileRef = FC090B9E231964C8008E28F6 /* ViewController.swift */; };
		FC090BA1231964D1008E28F6 /* ProgressView.swift in Sources */ = {isa = PBXBuildFile; fileRef = FC090BA0231964D1008E28F6 /* ProgressView.swift */; };
		FC090BA323196581008E28F6 /* README in Resources */ = {isa = PBXBuildFile; fileRef = FC090BA223196581008E28F6 /* README */; };
		FC090BA523196E69008E28F6 /* FancyButton.swift in Sources */ = {isa = PBXBuildFile; fileRef = FC090BA423196E69008E28F6 /* FancyButton.swift */; };
		FC1BD8EA221CD35300817AF3 /* GlobalHappinessBarView.swift in Sources */ = {isa = PBXBuildFile; fileRef = FC1BD8E9221CD35300817AF3 /* GlobalHappinessBarView.swift */; };
		FC1BD8ED221CD3BF00817AF3 /* GlobalHappinessProgressView.swift in Sources */ = {isa = PBXBuildFile; fileRef = FC1BD8EC221CD3BF00817AF3 /* GlobalHappinessProgressView.swift */; };
		FC1BD8EF221CD3FA00817AF3 /* CABasicAnimation+Utils.swift in Sources */ = {isa = PBXBuildFile; fileRef = FC1BD8EE221CD3FA00817AF3 /* CABasicAnimation+Utils.swift */; };
		FCCD5B3F21D9E211009004A0 /* AppDelegate.swift in Sources */ = {isa = PBXBuildFile; fileRef = FCCD5B3E21D9E211009004A0 /* AppDelegate.swift */; };
		FCCD5B4421D9E211009004A0 /* Main.storyboard in Resources */ = {isa = PBXBuildFile; fileRef = FCCD5B4221D9E211009004A0 /* Main.storyboard */; };
		FCCD5B4621D9E212009004A0 /* Assets.xcassets in Resources */ = {isa = PBXBuildFile; fileRef = FCCD5B4521D9E212009004A0 /* Assets.xcassets */; };
		FCCD5B4921D9E212009004A0 /* LaunchScreen.storyboard in Resources */ = {isa = PBXBuildFile; fileRef = FCCD5B4721D9E212009004A0 /* LaunchScreen.storyboard */; };
		FCCD5B7021D9E24A009004A0 /* UIFont+BestFit.swift in Sources */ = {isa = PBXBuildFile; fileRef = FCCD5B6C21D9E249009004A0 /* UIFont+BestFit.swift */; };
		FCCD5B7121D9E24A009004A0 /* GradientView.swift in Sources */ = {isa = PBXBuildFile; fileRef = FCCD5B6D21D9E249009004A0 /* GradientView.swift */; };
		FCCD5B7221D9E24A009004A0 /* UIView+Shadow.swift in Sources */ = {isa = PBXBuildFile; fileRef = FCCD5B6E21D9E249009004A0 /* UIView+Shadow.swift */; };
		FCCD5B7321D9E24A009004A0 /* UIColor+Hex.swift in Sources */ = {isa = PBXBuildFile; fileRef = FCCD5B6F21D9E24A009004A0 /* UIColor+Hex.swift */; };
/* End PBXBuildFile section */

/* Begin PBXFileReference section */
		FC090B9E231964C8008E28F6 /* ViewController.swift */ = {isa = PBXFileReference; lastKnownFileType = sourcecode.swift; path = ViewController.swift; sourceTree = "<group>"; };
		FC090BA0231964D1008E28F6 /* ProgressView.swift */ = {isa = PBXFileReference; lastKnownFileType = sourcecode.swift; path = ProgressView.swift; sourceTree = "<group>"; };
		FC090BA223196581008E28F6 /* README */ = {isa = PBXFileReference; lastKnownFileType = text; path = README; sourceTree = "<group>"; };
		FC090BA423196E69008E28F6 /* FancyButton.swift */ = {isa = PBXFileReference; lastKnownFileType = sourcecode.swift; path = FancyButton.swift; sourceTree = "<group>"; };
		FC1BD8E9221CD35300817AF3 /* GlobalHappinessBarView.swift */ = {isa = PBXFileReference; lastKnownFileType = sourcecode.swift; path = GlobalHappinessBarView.swift; sourceTree = "<group>"; };
		FC1BD8EC221CD3BF00817AF3 /* GlobalHappinessProgressView.swift */ = {isa = PBXFileReference; lastKnownFileType = sourcecode.swift; path = GlobalHappinessProgressView.swift; sourceTree = "<group>"; };
		FC1BD8EE221CD3FA00817AF3 /* CABasicAnimation+Utils.swift */ = {isa = PBXFileReference; lastKnownFileType = sourcecode.swift; path = "CABasicAnimation+Utils.swift"; sourceTree = "<group>"; };
		FCCD5B3B21D9E211009004A0 /* Medium-UIKit.app */ = {isa = PBXFileReference; explicitFileType = wrapper.application; includeInIndex = 0; path = "Medium-UIKit.app"; sourceTree = BUILT_PRODUCTS_DIR; };
		FCCD5B3E21D9E211009004A0 /* AppDelegate.swift */ = {isa = PBXFileReference; lastKnownFileType = sourcecode.swift; path = AppDelegate.swift; sourceTree = "<group>"; };
		FCCD5B4021D9E211009004A0 /* ViewController.swift */ = {isa = PBXFileReference; lastKnownFileType = sourcecode.swift; path = ViewController.swift; sourceTree = "<group>"; };
		FCCD5B4321D9E211009004A0 /* Base */ = {isa = PBXFileReference; lastKnownFileType = file.storyboard; name = Base; path = Base.lproj/Main.storyboard; sourceTree = "<group>"; };
		FCCD5B4521D9E212009004A0 /* Assets.xcassets */ = {isa = PBXFileReference; lastKnownFileType = folder.assetcatalog; path = Assets.xcassets; sourceTree = "<group>"; };
		FCCD5B4821D9E212009004A0 /* Base */ = {isa = PBXFileReference; lastKnownFileType = file.storyboard; name = Base; path = Base.lproj/LaunchScreen.storyboard; sourceTree = "<group>"; };
		FCCD5B4A21D9E212009004A0 /* Info.plist */ = {isa = PBXFileReference; lastKnownFileType = text.plist.xml; path = Info.plist; sourceTree = "<group>"; };
		FCCD5B6C21D9E249009004A0 /* UIFont+BestFit.swift */ = {isa = PBXFileReference; fileEncoding = 4; lastKnownFileType = sourcecode.swift; path = "UIFont+BestFit.swift"; sourceTree = "<group>"; };
		FCCD5B6D21D9E249009004A0 /* GradientView.swift */ = {isa = PBXFileReference; fileEncoding = 4; lastKnownFileType = sourcecode.swift; path = GradientView.swift; sourceTree = "<group>"; };
		FCCD5B6E21D9E249009004A0 /* UIView+Shadow.swift */ = {isa = PBXFileReference; fileEncoding = 4; lastKnownFileType = sourcecode.swift; path = "UIView+Shadow.swift"; sourceTree = "<group>"; };
		FCCD5B6F21D9E24A009004A0 /* UIColor+Hex.swift */ = {isa = PBXFileReference; fileEncoding = 4; lastKnownFileType = sourcecode.swift; path = "UIColor+Hex.swift"; sourceTree = "<group>"; };
/* End PBXFileReference section */

/* Begin PBXFrameworksBuildPhase section */
		FCCD5B3821D9E211009004A0 /* Frameworks */ = {
			isa = PBXFrameworksBuildPhase;
			buildActionMask = 2147483647;
			files = (
			);
			runOnlyForDeploymentPostprocessing = 0;
		};
/* End PBXFrameworksBuildPhase section */

/* Begin PBXGroup section */
		FC090B9D231964B6008E28F6 /* BlogArticle */ = {
			isa = PBXGroup;
			children = (
				FC090BA0231964D1008E28F6 /* ProgressView.swift */,
				FC090B9E231964C8008E28F6 /* ViewController.swift */,
				FC090BA423196E69008E28F6 /* FancyButton.swift */,
				FC090BA223196581008E28F6 /* README */,
			);
			path = BlogArticle;
			sourceTree = "<group>";
		};
		FC1BD8EB221CD35C00817AF3 /* GlobalHappinessBar */ = {
			isa = PBXGroup;
			children = (
				FC1BD8E9221CD35300817AF3 /* GlobalHappinessBarView.swift */,
				FC1BD8EC221CD3BF00817AF3 /* GlobalHappinessProgressView.swift */,
				FC1BD8EE221CD3FA00817AF3 /* CABasicAnimation+Utils.swift */,
			);
			path = GlobalHappinessBar;
			sourceTree = "<group>";
		};
		FCCD5B3221D9E211009004A0 = {
			isa = PBXGroup;
			children = (
				FCCD5B3D21D9E211009004A0 /* Medium-UIKit */,
				FCCD5B3C21D9E211009004A0 /* Products */,
			);
			sourceTree = "<group>";
		};
		FCCD5B3C21D9E211009004A0 /* Products */ = {
			isa = PBXGroup;
			children = (
				FCCD5B3B21D9E211009004A0 /* Medium-UIKit.app */,
			);
			name = Products;
			sourceTree = "<group>";
		};
		FCCD5B3D21D9E211009004A0 /* Medium-UIKit */ = {
			isa = PBXGroup;
			children = (
				FC090B9D231964B6008E28F6 /* BlogArticle */,
				FC1BD8EB221CD35C00817AF3 /* GlobalHappinessBar */,
				FCCD5B6D21D9E249009004A0 /* GradientView.swift */,
				FCCD5B6F21D9E24A009004A0 /* UIColor+Hex.swift */,
				FCCD5B6C21D9E249009004A0 /* UIFont+BestFit.swift */,
				FCCD5B6E21D9E249009004A0 /* UIView+Shadow.swift */,
				FCCD5B3E21D9E211009004A0 /* AppDelegate.swift */,
				FCCD5B4021D9E211009004A0 /* ViewController.swift */,
				FCCD5B4221D9E211009004A0 /* Main.storyboard */,
				FCCD5B4521D9E212009004A0 /* Assets.xcassets */,
				FCCD5B4721D9E212009004A0 /* LaunchScreen.storyboard */,
				FCCD5B4A21D9E212009004A0 /* Info.plist */,
			);
			path = "Medium-UIKit";
			sourceTree = "<group>";
		};
/* End PBXGroup section */

/* Begin PBXNativeTarget section */
		FCCD5B3A21D9E211009004A0 /* Medium-UIKit */ = {
			isa = PBXNativeTarget;
			buildConfigurationList = FCCD5B6321D9E212009004A0 /* Build configuration list for PBXNativeTarget "Medium-UIKit" */;
			buildPhases = (
				FCCD5B3721D9E211009004A0 /* Sources */,
				FCCD5B3821D9E211009004A0 /* Frameworks */,
				FCCD5B3921D9E211009004A0 /* Resources */,
			);
			buildRules = (
			);
			dependencies = (
			);
			name = "Medium-UIKit";
			productName = delete;
			productReference = FCCD5B3B21D9E211009004A0 /* Medium-UIKit.app */;
			productType = "com.apple.product-type.application";
		};
/* End PBXNativeTarget section */

/* Begin PBXProject section */
		FCCD5B3321D9E211009004A0 /* Project object */ = {
			isa = PBXProject;
			attributes = {
				LastSwiftUpdateCheck = 1010;
				LastUpgradeCheck = 1010;
				ORGANIZATIONNAME = "Jon Cardasis";
				TargetAttributes = {
					FCCD5B3A21D9E211009004A0 = {
						CreatedOnToolsVersion = 10.1;
					};
				};
			};
			buildConfigurationList = FCCD5B3621D9E211009004A0 /* Build configuration list for PBXProject "Medium-UIKit" */;
			compatibilityVersion = "Xcode 9.3";
			developmentRegion = en;
			hasScannedForEncodings = 0;
			knownRegions = (
				en,
				Base,
			);
			mainGroup = FCCD5B3221D9E211009004A0;
			productRefGroup = FCCD5B3C21D9E211009004A0 /* Products */;
			projectDirPath = "";
			projectRoot = "";
			targets = (
				FCCD5B3A21D9E211009004A0 /* Medium-UIKit */,
			);
		};
/* End PBXProject section */

/* Begin PBXResourcesBuildPhase section */
		FCCD5B3921D9E211009004A0 /* Resources */ = {
			isa = PBXResourcesBuildPhase;
			buildActionMask = 2147483647;
			files = (
				FC090BA323196581008E28F6 /* README in Resources */,
				FCCD5B4921D9E212009004A0 /* LaunchScreen.storyboard in Resources */,
				FCCD5B4621D9E212009004A0 /* Assets.xcassets in Resources */,
				FCCD5B4421D9E211009004A0 /* Main.storyboard in Resources */,
			);
			runOnlyForDeploymentPostprocessing = 0;
		};
/* End PBXResourcesBuildPhase section */

/* Begin PBXSourcesBuildPhase section */
		FCCD5B3721D9E211009004A0 /* Sources */ = {
			isa = PBXSourcesBuildPhase;
			buildActionMask = 2147483647;
			files = (
				FC090B9F231964C8008E28F6 /* ViewController.swift in Sources */,
				FC1BD8ED221CD3BF00817AF3 /* GlobalHappinessProgressView.swift in Sources */,
				FC1BD8EA221CD35300817AF3 /* GlobalHappinessBarView.swift in Sources */,
				FCCD5B7221D9E24A009004A0 /* UIView+Shadow.swift in Sources */,
				FC090BA523196E69008E28F6 /* FancyButton.swift in Sources */,
				FCCD5B7021D9E24A009004A0 /* UIFont+BestFit.swift in Sources */,
				FC1BD8EF221CD3FA00817AF3 /* CABasicAnimation+Utils.swift in Sources */,
				FCCD5B7321D9E24A009004A0 /* UIColor+Hex.swift in Sources */,
				FCCD5B7121D9E24A009004A0 /* GradientView.swift in Sources */,
				FCCD5B3F21D9E211009004A0 /* AppDelegate.swift in Sources */,
				FC090BA1231964D1008E28F6 /* ProgressView.swift in Sources */,
			);
			runOnlyForDeploymentPostprocessing = 0;
		};
/* End PBXSourcesBuildPhase section */

/* Begin PBXVariantGroup section */
		FCCD5B4221D9E211009004A0 /* Main.storyboard */ = {
			isa = PBXVariantGroup;
			children = (
				FCCD5B4321D9E211009004A0 /* Base */,
			);
			name = Main.storyboard;
			sourceTree = "<group>";
		};
		FCCD5B4721D9E212009004A0 /* LaunchScreen.storyboard */ = {
			isa = PBXVariantGroup;
			children = (
				FCCD5B4821D9E212009004A0 /* Base */,
			);
			name = LaunchScreen.storyboard;
			sourceTree = "<group>";
		};
/* End PBXVariantGroup section */

/* Begin XCBuildConfiguration section */
		FCCD5B6121D9E212009004A0 /* Debug */ = {
			isa = XCBuildConfiguration;
			buildSettings = {
				ALWAYS_SEARCH_USER_PATHS = NO;
				CLANG_ANALYZER_NONNULL = YES;
				CLANG_ANALYZER_NUMBER_OBJECT_CONVERSION = YES_AGGRESSIVE;
				CLANG_CXX_LANGUAGE_STANDARD = "gnu++14";
				CLANG_CXX_LIBRARY = "libc++";
				CLANG_ENABLE_MODULES = YES;
				CLANG_ENABLE_OBJC_ARC = YES;
				CLANG_ENABLE_OBJC_WEAK = YES;
				CLANG_WARN_BLOCK_CAPTURE_AUTORELEASING = YES;
				CLANG_WARN_BOOL_CONVERSION = YES;
				CLANG_WARN_COMMA = YES;
				CLANG_WARN_CONSTANT_CONVERSION = YES;
				CLANG_WARN_DEPRECATED_OBJC_IMPLEMENTATIONS = YES;
				CLANG_WARN_DIRECT_OBJC_ISA_USAGE = YES_ERROR;
				CLANG_WARN_DOCUMENTATION_COMMENTS = YES;
				CLANG_WARN_EMPTY_BODY = YES;
				CLANG_WARN_ENUM_CONVERSION = YES;
				CLANG_WARN_INFINITE_RECURSION = YES;
				CLANG_WARN_INT_CONVERSION = YES;
				CLANG_WARN_NON_LITERAL_NULL_CONVERSION = YES;
				CLANG_WARN_OBJC_IMPLICIT_RETAIN_SELF = YES;
				CLANG_WARN_OBJC_LITERAL_CONVERSION = YES;
				CLANG_WARN_OBJC_ROOT_CLASS = YES_ERROR;
				CLANG_WARN_RANGE_LOOP_ANALYSIS = YES;
				CLANG_WARN_STRICT_PROTOTYPES = YES;
				CLANG_WARN_SUSPICIOUS_MOVE = YES;
				CLANG_WARN_UNGUARDED_AVAILABILITY = YES_AGGRESSIVE;
				CLANG_WARN_UNREACHABLE_CODE = YES;
				CLANG_WARN__DUPLICATE_METHOD_MATCH = YES;
				CODE_SIGN_IDENTITY = "iPhone Developer";
				COPY_PHASE_STRIP = NO;
				DEBUG_INFORMATION_FORMAT = dwarf;
				ENABLE_STRICT_OBJC_MSGSEND = YES;
				ENABLE_TESTABILITY = YES;
				GCC_C_LANGUAGE_STANDARD = gnu11;
				GCC_DYNAMIC_NO_PIC = NO;
				GCC_NO_COMMON_BLOCKS = YES;
				GCC_OPTIMIZATION_LEVEL = 0;
				GCC_PREPROCESSOR_DEFINITIONS = (
					"DEBUG=1",
					"$(inherited)",
				);
				GCC_WARN_64_TO_32_BIT_CONVERSION = YES;
				GCC_WARN_ABOUT_RETURN_TYPE = YES_ERROR;
				GCC_WARN_UNDECLARED_SELECTOR = YES;
				GCC_WARN_UNINITIALIZED_AUTOS = YES_AGGRESSIVE;
				GCC_WARN_UNUSED_FUNCTION = YES;
				GCC_WARN_UNUSED_VARIABLE = YES;
				IPHONEOS_DEPLOYMENT_TARGET = 12.1;
				MTL_ENABLE_DEBUG_INFO = INCLUDE_SOURCE;
				MTL_FAST_MATH = YES;
				ONLY_ACTIVE_ARCH = YES;
				SDKROOT = iphoneos;
				SWIFT_ACTIVE_COMPILATION_CONDITIONS = DEBUG;
				SWIFT_OPTIMIZATION_LEVEL = "-Onone";
			};
			name = Debug;
		};
		FCCD5B6221D9E212009004A0 /* Release */ = {
			isa = XCBuildConfiguration;
			buildSettings = {
				ALWAYS_SEARCH_USER_PATHS = NO;
				CLANG_ANALYZER_NONNULL = YES;
				CLANG_ANALYZER_NUMBER_OBJECT_CONVERSION = YES_AGGRESSIVE;
				CLANG_CXX_LANGUAGE_STANDARD = "gnu++14";
				CLANG_CXX_LIBRARY = "libc++";
				CLANG_ENABLE_MODULES = YES;
				CLANG_ENABLE_OBJC_ARC = YES;
				CLANG_ENABLE_OBJC_WEAK = YES;
				CLANG_WARN_BLOCK_CAPTURE_AUTORELEASING = YES;
				CLANG_WARN_BOOL_CONVERSION = YES;
				CLANG_WARN_COMMA = YES;
				CLANG_WARN_CONSTANT_CONVERSION = YES;
				CLANG_WARN_DEPRECATED_OBJC_IMPLEMENTATIONS = YES;
				CLANG_WARN_DIRECT_OBJC_ISA_USAGE = YES_ERROR;
				CLANG_WARN_DOCUMENTATION_COMMENTS = YES;
				CLANG_WARN_EMPTY_BODY = YES;
				CLANG_WARN_ENUM_CONVERSION = YES;
				CLANG_WARN_INFINITE_RECURSION = YES;
				CLANG_WARN_INT_CONVERSION = YES;
				CLANG_WARN_NON_LITERAL_NULL_CONVERSION = YES;
				CLANG_WARN_OBJC_IMPLICIT_RETAIN_SELF = YES;
				CLANG_WARN_OBJC_LITERAL_CONVERSION = YES;
				CLANG_WARN_OBJC_ROOT_CLASS = YES_ERROR;
				CLANG_WARN_RANGE_LOOP_ANALYSIS = YES;
				CLANG_WARN_STRICT_PROTOTYPES = YES;
				CLANG_WARN_SUSPICIOUS_MOVE = YES;
				CLANG_WARN_UNGUARDED_AVAILABILITY = YES_AGGRESSIVE;
				CLANG_WARN_UNREACHABLE_CODE = YES;
				CLANG_WARN__DUPLICATE_METHOD_MATCH = YES;
				CODE_SIGN_IDENTITY = "iPhone Developer";
				COPY_PHASE_STRIP = NO;
				DEBUG_INFORMATION_FORMAT = "dwarf-with-dsym";
				ENABLE_NS_ASSERTIONS = NO;
				ENABLE_STRICT_OBJC_MSGSEND = YES;
				GCC_C_LANGUAGE_STANDARD = gnu11;
				GCC_NO_COMMON_BLOCKS = YES;
				GCC_WARN_64_TO_32_BIT_CONVERSION = YES;
				GCC_WARN_ABOUT_RETURN_TYPE = YES_ERROR;
				GCC_WARN_UNDECLARED_SELECTOR = YES;
				GCC_WARN_UNINITIALIZED_AUTOS = YES_AGGRESSIVE;
				GCC_WARN_UNUSED_FUNCTION = YES;
				GCC_WARN_UNUSED_VARIABLE = YES;
				IPHONEOS_DEPLOYMENT_TARGET = 12.1;
				MTL_ENABLE_DEBUG_INFO = NO;
				MTL_FAST_MATH = YES;
				SDKROOT = iphoneos;
				SWIFT_COMPILATION_MODE = wholemodule;
				SWIFT_OPTIMIZATION_LEVEL = "-O";
				VALIDATE_PRODUCT = YES;
			};
			name = Release;
		};
		FCCD5B6421D9E212009004A0 /* Debug */ = {
			isa = XCBuildConfiguration;
			buildSettings = {
				ASSETCATALOG_COMPILER_APPICON_NAME = AppIcon;
				CODE_SIGN_STYLE = Automatic;
				DEVELOPMENT_TEAM = 9H97MWKJ22;
				INFOPLIST_FILE = "Medium-UIKit/Info.plist";
				LD_RUNPATH_SEARCH_PATHS = (
					"$(inherited)",
					"@executable_path/Frameworks",
				);
				PRODUCT_BUNDLE_IDENTIFIER = "com.jonathancardasis.medium-uikit";
				PRODUCT_NAME = "$(TARGET_NAME)";
				SWIFT_VERSION = 4.2;
				TARGETED_DEVICE_FAMILY = "1,2";
			};
			name = Debug;
		};
		FCCD5B6521D9E212009004A0 /* Release */ = {
			isa = XCBuildConfiguration;
			buildSettings = {
				ASSETCATALOG_COMPILER_APPICON_NAME = AppIcon;
				CODE_SIGN_STYLE = Automatic;
				DEVELOPMENT_TEAM = 9H97MWKJ22;
				INFOPLIST_FILE = "Medium-UIKit/Info.plist";
				LD_RUNPATH_SEARCH_PATHS = (
					"$(inherited)",
					"@executable_path/Frameworks",
				);
				PRODUCT_BUNDLE_IDENTIFIER = "com.jonathancardasis.medium-uikit";
				PRODUCT_NAME = "$(TARGET_NAME)";
				SWIFT_VERSION = 4.2;
				TARGETED_DEVICE_FAMILY = "1,2";
			};
			name = Release;
		};
/* End XCBuildConfiguration section */

/* Begin XCConfigurationList section */
		FCCD5B3621D9E211009004A0 /* Build configuration list for PBXProject "Medium-UIKit" */ = {
			isa = XCConfigurationList;
			buildConfigurations = (
				FCCD5B6121D9E212009004A0 /* Debug */,
				FCCD5B6221D9E212009004A0 /* Release */,
			);
			defaultConfigurationIsVisible = 0;
			defaultConfigurationName = Release;
		};
		FCCD5B6321D9E212009004A0 /* Build configuration list for PBXNativeTarget "Medium-UIKit" */ = {
			isa = XCConfigurationList;
			buildConfigurations = (
				FCCD5B6421D9E212009004A0 /* Debug */,
				FCCD5B6521D9E212009004A0 /* Release */,
			);
			defaultConfigurationIsVisible = 0;
			defaultConfigurationName = Release;
		};
/* End XCConfigurationList section */
	};
	rootObject = FCCD5B3321D9E211009004A0 /* Project object */;
}
